
Microsoft Visual Studio Solution File, Format Version 12.00
# Visual Studio Version 16
VisualStudioVersion = 16.0.30413.136
MinimumVisualStudioVersion = 10.0.40219.1
Project("{FAE04EC0-301F-11D3-BF4B-00C04F79EFBC}") = "Calculadora", "Calculadora.csproj", "{397A90CE-97B4-409A-9832-81E464212075}"
EndProject
Global
	GlobalSection(SolutionConfigurationPlatforms) = preSolution
		Debug|Any CPU = Debug|Any CPU
		Release|Any CPU = Release|Any CPU
	EndGlobalSection
	GlobalSection(ProjectConfigurationPlatforms) = postSolution
		{397A90CE-97B4-409A-9832-81E464212075}.Debug|Any CPU.ActiveCfg = Debug|Any CPU
		{397A90CE-97B4-409A-9832-81E464212075}.Debug|Any CPU.Build.0 = Debug|Any CPU
		{397A90CE-97B4-409A-9832-81E464212075}.Release|Any CPU.ActiveCfg = Release|Any CPU
		{397A90CE-97B4-409A-9832-81E464212075}.Release|Any CPU.Build.0 = Release|Any CPU
	EndGlobalSection
	GlobalSection(SolutionProperties) = preSolution
		HideSolutionNode = FALSE
	EndGlobalSection
	GlobalSection(ExtensibilityGlobals) = postSolution
		SolutionGuid = {73B9FEA7-5DE7-40CB-93B7-0B898EAFB8BD}
	EndGlobalSection
EndGlobal
